
Microsoft Visual Studio Solution File, Format Version 12.00
# Visual Studio 14
VisualStudioVersion = 14.0.25420.1
MinimumVisualStudioVersion = 10.0.40219.1
Project("{FAE04EC0-301F-11D3-BF4B-00C04F79EFBC}") = "Task1", "Task1\Task1.csproj", "{6715F434-5534-4994-87CA-0EBBBD096B88}"
EndProject
Project("{FAE04EC0-301F-11D3-BF4B-00C04F79EFBC}") = "Task1.Tests", "Task1.Tests\Task1.Tests.csproj", "{D37610AF-1ACB-4062-BF2C-3A5A76693EDF}"
EndProject
Global
	GlobalSection(SolutionConfigurationPlatforms) = preSolution
		Debug|Any CPU = Debug|Any CPU
		Release|Any CPU = Release|Any CPU
	EndGlobalSection
	GlobalSection(ProjectConfigurationPlatforms) = postSolution
		{6715F434-5534-4994-87CA-0EBBBD096B88}.Debug|Any CPU.ActiveCfg = Debug|Any CPU
		{6715F434-5534-4994-87CA-0EBBBD096B88}.Debug|Any CPU.Build.0 = Debug|Any CPU
		{6715F434-5534-4994-87CA-0EBBBD096B88}.Release|Any CPU.ActiveCfg = Release|Any CPU
		{6715F434-5534-4994-87CA-0EBBBD096B88}.Release|Any CPU.Build.0 = Release|Any CPU
		{D37610AF-1ACB-4062-BF2C-3A5A76693EDF}.Debug|Any CPU.ActiveCfg = Debug|Any CPU
		{D37610AF-1ACB-4062-BF2C-3A5A76693EDF}.Debug|Any CPU.Build.0 = Debug|Any CPU
		{D37610AF-1ACB-4062-BF2C-3A5A76693EDF}.Release|Any CPU.ActiveCfg = Release|Any CPU
		{D37610AF-1ACB-4062-BF2C-3A5A76693EDF}.Release|Any CPU.Build.0 = Release|Any CPU
	EndGlobalSection
	GlobalSection(SolutionProperties) = preSolution
		HideSolutionNode = FALSE
	EndGlobalSection
EndGlobal
