
Microsoft Visual Studio Solution File, Format Version 12.00
# Visual Studio 14
VisualStudioVersion = 14.0.25420.1
MinimumVisualStudioVersion = 10.0.40219.1
Project("{FAE04EC0-301F-11D3-BF4B-00C04F79EFBC}") = "Task1.NUnitTests", "Task1.NUnitTests\Task1.NUnitTests.csproj", "{268F0FDE-86A9-423D-8383-7376268535F1}"
EndProject
Project("{FAE04EC0-301F-11D3-BF4B-00C04F79EFBC}") = "Task1.Tests", "Task1.Tests\Task1.Tests.csproj", "{3997E9A7-CBB4-4E54-96CD-7D2B35D48AB5}"
EndProject
Project("{FAE04EC0-301F-11D3-BF4B-00C04F79EFBC}") = "Task1", "Task1\Task1.csproj", "{8B9D11DB-AA02-484F-8BBF-C82EF01B4131}"
EndProject
Project("{FAE04EC0-301F-11D3-BF4B-00C04F79EFBC}") = "Task2", "Task2\Task2.csproj", "{5A2E772D-873B-4196-A1C7-591C7E4E258C}"
EndProject
Project("{FAE04EC0-301F-11D3-BF4B-00C04F79EFBC}") = "Task3", "Task3\Task3.csproj", "{1628D151-89EB-4F02-8A02-AD93E77D902C}"
EndProject
Project("{FAE04EC0-301F-11D3-BF4B-00C04F79EFBC}") = "Task2.Tests", "Task2.Tests\Task2.Tests.csproj", "{0C8B24BE-5222-4879-8884-62A21D9E23F2}"
EndProject
Project("{FAE04EC0-301F-11D3-BF4B-00C04F79EFBC}") = "Task3.Tests", "Task3.Tests\Task3.Tests.csproj", "{511D7B02-A51A-4EAB-A385-90992FBC2780}"
EndProject
Project("{2150E333-8FDC-42A3-9474-1A3956D46DE8}") = "Exercise1", "Exercise1", "{5F1BECA7-0CE3-4BF3-AD8A-BCE9E4A19EBC}"
EndProject
Project("{2150E333-8FDC-42A3-9474-1A3956D46DE8}") = "Exercise2", "Exercise2", "{19D59203-062B-4491-BEFC-42062D5B771C}"
EndProject
Project("{2150E333-8FDC-42A3-9474-1A3956D46DE8}") = "Exercise3", "Exercise3", "{2CCE9A91-E2C6-459D-ABC4-105E8ACF3357}"
EndProject
Project("{FAE04EC0-301F-11D3-BF4B-00C04F79EFBC}") = "TaskNewton", "TaskNewton\TaskNewton.csproj", "{44EB1E39-6714-45CC-8A8C-BA18C5C0B81F}"
EndProject
Project("{FAE04EC0-301F-11D3-BF4B-00C04F79EFBC}") = "TaskNewton.Tests", "TaskNewton.Tests\TaskNewton.Tests.csproj", "{2880A614-93B4-49B5-875D-DAAD22FD09A0}"
EndProject
Project("{2150E333-8FDC-42A3-9474-1A3956D46DE8}") = "Exercise4", "Exercise4", "{710638A0-EFED-4D75-96BF-4DBC7C66E95A}"
EndProject
Project("{FAE04EC0-301F-11D3-BF4B-00C04F79EFBC}") = "TaskExtension", "TaskExtension\TaskExtension.csproj", "{F94D49E9-CE7E-4E87-928B-B68655FE1030}"
EndProject
Project("{FAE04EC0-301F-11D3-BF4B-00C04F79EFBC}") = "TaskExtension.Tests", "TaskExtension.Tests\TaskExtension.Tests.csproj", "{F0E9EC44-F65C-4071-8313-76FBF07D98F3}"
EndProject
Global
	GlobalSection(SolutionConfigurationPlatforms) = preSolution
		Debug|Any CPU = Debug|Any CPU
		Release|Any CPU = Release|Any CPU
	EndGlobalSection
	GlobalSection(ProjectConfigurationPlatforms) = postSolution
		{268F0FDE-86A9-423D-8383-7376268535F1}.Debug|Any CPU.ActiveCfg = Debug|Any CPU
		{268F0FDE-86A9-423D-8383-7376268535F1}.Debug|Any CPU.Build.0 = Debug|Any CPU
		{268F0FDE-86A9-423D-8383-7376268535F1}.Release|Any CPU.ActiveCfg = Release|Any CPU
		{268F0FDE-86A9-423D-8383-7376268535F1}.Release|Any CPU.Build.0 = Release|Any CPU
		{3997E9A7-CBB4-4E54-96CD-7D2B35D48AB5}.Debug|Any CPU.ActiveCfg = Debug|Any CPU
		{3997E9A7-CBB4-4E54-96CD-7D2B35D48AB5}.Debug|Any CPU.Build.0 = Debug|Any CPU
		{3997E9A7-CBB4-4E54-96CD-7D2B35D48AB5}.Release|Any CPU.ActiveCfg = Release|Any CPU
		{3997E9A7-CBB4-4E54-96CD-7D2B35D48AB5}.Release|Any CPU.Build.0 = Release|Any CPU
		{8B9D11DB-AA02-484F-8BBF-C82EF01B4131}.Debug|Any CPU.ActiveCfg = Debug|Any CPU
		{8B9D11DB-AA02-484F-8BBF-C82EF01B4131}.Debug|Any CPU.Build.0 = Debug|Any CPU
		{8B9D11DB-AA02-484F-8BBF-C82EF01B4131}.Release|Any CPU.ActiveCfg = Release|Any CPU
		{8B9D11DB-AA02-484F-8BBF-C82EF01B4131}.Release|Any CPU.Build.0 = Release|Any CPU
		{5A2E772D-873B-4196-A1C7-591C7E4E258C}.Debug|Any CPU.ActiveCfg = Debug|Any CPU
		{5A2E772D-873B-4196-A1C7-591C7E4E258C}.Debug|Any CPU.Build.0 = Debug|Any CPU
		{5A2E772D-873B-4196-A1C7-591C7E4E258C}.Release|Any CPU.ActiveCfg = Release|Any CPU
		{5A2E772D-873B-4196-A1C7-591C7E4E258C}.Release|Any CPU.Build.0 = Release|Any CPU
		{1628D151-89EB-4F02-8A02-AD93E77D902C}.Debug|Any CPU.ActiveCfg = Debug|Any CPU
		{1628D151-89EB-4F02-8A02-AD93E77D902C}.Debug|Any CPU.Build.0 = Debug|Any CPU
		{1628D151-89EB-4F02-8A02-AD93E77D902C}.Release|Any CPU.ActiveCfg = Release|Any CPU
		{1628D151-89EB-4F02-8A02-AD93E77D902C}.Release|Any CPU.Build.0 = Release|Any CPU
		{0C8B24BE-5222-4879-8884-62A21D9E23F2}.Debug|Any CPU.ActiveCfg = Debug|Any CPU
		{0C8B24BE-5222-4879-8884-62A21D9E23F2}.Debug|Any CPU.Build.0 = Debug|Any CPU
		{0C8B24BE-5222-4879-8884-62A21D9E23F2}.Release|Any CPU.ActiveCfg = Release|Any CPU
		{0C8B24BE-5222-4879-8884-62A21D9E23F2}.Release|Any CPU.Build.0 = Release|Any CPU
		{511D7B02-A51A-4EAB-A385-90992FBC2780}.Debug|Any CPU.ActiveCfg = Debug|Any CPU
		{511D7B02-A51A-4EAB-A385-90992FBC2780}.Debug|Any CPU.Build.0 = Debug|Any CPU
		{511D7B02-A51A-4EAB-A385-90992FBC2780}.Release|Any CPU.ActiveCfg = Release|Any CPU
		{511D7B02-A51A-4EAB-A385-90992FBC2780}.Release|Any CPU.Build.0 = Release|Any CPU
		{44EB1E39-6714-45CC-8A8C-BA18C5C0B81F}.Debug|Any CPU.ActiveCfg = Debug|Any CPU
		{44EB1E39-6714-45CC-8A8C-BA18C5C0B81F}.Debug|Any CPU.Build.0 = Debug|Any CPU
		{44EB1E39-6714-45CC-8A8C-BA18C5C0B81F}.Release|Any CPU.ActiveCfg = Release|Any CPU
		{44EB1E39-6714-45CC-8A8C-BA18C5C0B81F}.Release|Any CPU.Build.0 = Release|Any CPU
		{2880A614-93B4-49B5-875D-DAAD22FD09A0}.Debug|Any CPU.ActiveCfg = Debug|Any CPU
		{2880A614-93B4-49B5-875D-DAAD22FD09A0}.Debug|Any CPU.Build.0 = Debug|Any CPU
		{2880A614-93B4-49B5-875D-DAAD22FD09A0}.Release|Any CPU.ActiveCfg = Release|Any CPU
		{2880A614-93B4-49B5-875D-DAAD22FD09A0}.Release|Any CPU.Build.0 = Release|Any CPU
		{F94D49E9-CE7E-4E87-928B-B68655FE1030}.Debug|Any CPU.ActiveCfg = Debug|Any CPU
		{F94D49E9-CE7E-4E87-928B-B68655FE1030}.Debug|Any CPU.Build.0 = Debug|Any CPU
		{F94D49E9-CE7E-4E87-928B-B68655FE1030}.Release|Any CPU.ActiveCfg = Release|Any CPU
		{F94D49E9-CE7E-4E87-928B-B68655FE1030}.Release|Any CPU.Build.0 = Release|Any CPU
		{F0E9EC44-F65C-4071-8313-76FBF07D98F3}.Debug|Any CPU.ActiveCfg = Debug|Any CPU
		{F0E9EC44-F65C-4071-8313-76FBF07D98F3}.Debug|Any CPU.Build.0 = Debug|Any CPU
		{F0E9EC44-F65C-4071-8313-76FBF07D98F3}.Release|Any CPU.ActiveCfg = Release|Any CPU
		{F0E9EC44-F65C-4071-8313-76FBF07D98F3}.Release|Any CPU.Build.0 = Release|Any CPU
	EndGlobalSection
	GlobalSection(SolutionProperties) = preSolution
		HideSolutionNode = FALSE
	EndGlobalSection
	GlobalSection(NestedProjects) = preSolution
		{268F0FDE-86A9-423D-8383-7376268535F1} = {5F1BECA7-0CE3-4BF3-AD8A-BCE9E4A19EBC}
		{3997E9A7-CBB4-4E54-96CD-7D2B35D48AB5} = {5F1BECA7-0CE3-4BF3-AD8A-BCE9E4A19EBC}
		{8B9D11DB-AA02-484F-8BBF-C82EF01B4131} = {5F1BECA7-0CE3-4BF3-AD8A-BCE9E4A19EBC}
		{5A2E772D-873B-4196-A1C7-591C7E4E258C} = {19D59203-062B-4491-BEFC-42062D5B771C}
		{1628D151-89EB-4F02-8A02-AD93E77D902C} = {19D59203-062B-4491-BEFC-42062D5B771C}
		{0C8B24BE-5222-4879-8884-62A21D9E23F2} = {19D59203-062B-4491-BEFC-42062D5B771C}
		{511D7B02-A51A-4EAB-A385-90992FBC2780} = {19D59203-062B-4491-BEFC-42062D5B771C}
		{44EB1E39-6714-45CC-8A8C-BA18C5C0B81F} = {2CCE9A91-E2C6-459D-ABC4-105E8ACF3357}
		{2880A614-93B4-49B5-875D-DAAD22FD09A0} = {2CCE9A91-E2C6-459D-ABC4-105E8ACF3357}
		{F94D49E9-CE7E-4E87-928B-B68655FE1030} = {710638A0-EFED-4D75-96BF-4DBC7C66E95A}
		{F0E9EC44-F65C-4071-8313-76FBF07D98F3} = {710638A0-EFED-4D75-96BF-4DBC7C66E95A}
	EndGlobalSection
EndGlobal
